
Microsoft Visual Studio Solution File, Format Version 12.00
# Visual Studio Version 17
VisualStudioVersion = 17.5.33502.453
MinimumVisualStudioVersion = 10.0.40219.1
Project("{9A19103F-16F7-4668-BE54-9A1E7A4F7556}") = "Portal.Api", "api\portal\src\Portal.Api\Portal.Api.csproj", "{70C2F944-E755-41CC-B77E-53A361D8E1E3}"
EndProject
Project("{9A19103F-16F7-4668-BE54-9A1E7A4F7556}") = "Portal.Domain", "api\portal\src\Portal.Domain\Portal.Domain.csproj", "{5B74081F-1E2C-478F-BA1B-1A77BC46CF70}"
EndProject
Project("{9A19103F-16F7-4668-BE54-9A1E7A4F7556}") = "Portal.Infrastructure", "api\portal\src\Portal.Infrastructure\Portal.Infrastructure.csproj", "{8ED1FF3E-5D4F-4732-A7B4-D23B19ED3872}"
EndProject
Project("{9A19103F-16F7-4668-BE54-9A1E7A4F7556}") = "Portal.Application", "api\portal\src\Portal.Application\Portal.Application.csproj", "{DBD09C21-8286-420F-B425-5173A03FC43A}"
EndProject
Project("{2150E333-8FDC-42A3-9474-1A3956D46DE8}") = "Server", "Server", "{2168E3AA-DE51-4EB2-BAB7-F04E869109BE}"
EndProject
Project("{2150E333-8FDC-42A3-9474-1A3956D46DE8}") = "Core", "Core", "{49B96B4B-7B6A-4CCE-8E54-D5B2B713C4A6}"
EndProject
Project("{2150E333-8FDC-42A3-9474-1A3956D46DE8}") = "Hosts", "Hosts", "{680CC273-5E7A-464B-B894-839CB2CD7DE3}"
EndProject
Project("{9A19103F-16F7-4668-BE54-9A1E7A4F7556}") = "Portal.Application", "client\application\src\Portal.Application.csproj", "{1F1A87E1-9AFD-4BEE-98C9-C702EE2B7CB2}"
EndProject
Project("{9A19103F-16F7-4668-BE54-9A1E7A4F7556}") = "Portal.Website", "client\website\src\Portal.Website.csproj", "{BF740524-7065-44CA-8CB3-CD78CCA85A0C}"
EndProject
Project("{2150E333-8FDC-42A3-9474-1A3956D46DE8}") = "Identity", "Identity", "{EC0FAC16-3E43-4C82-B0EE-72FECFD9C661}"
EndProject
Project("{9A19103F-16F7-4668-BE54-9A1E7A4F7556}") = "Portal.Identity", "bff\src\Portal.Identity\Portal.Identity.csproj", "{43F13DBF-4C16-4CCD-9E6A-F1DEB1CC12FB}"
EndProject
Project("{2150E333-8FDC-42A3-9474-1A3956D46DE8}") = "Tests", "Tests", "{CBC9222E-783E-428E-A420-5B718FFC7EE8}"
EndProject
Project("{FAE04EC0-301F-11D3-BF4B-00C04F79EFBC}") = "Domain.UnitTests", "api\portal\tests\Domain.UnitTests\Domain.UnitTests.csproj", "{C2B76109-2A4A-4B25-A5F2-B27D7FCB3613}"
EndProject
Project("{FAE04EC0-301F-11D3-BF4B-00C04F79EFBC}") = "Infrastructures.UnitTests", "api\portal\tests\Infrastructures.UnitTests\Infrastructures.UnitTests.csproj", "{4CD8C523-0C66-428F-A686-CA3C4170C51A}"
EndProject
Project("{FAE04EC0-301F-11D3-BF4B-00C04F79EFBC}") = "Application.UnitTests", "api\portal\tests\Application.UnitTests\Application.UnitTests.csproj", "{66131586-209B-4BE9-BBEB-E15C67C7126C}"
EndProject
Project("{FAE04EC0-301F-11D3-BF4B-00C04F79EFBC}") = "Application.IntegrationTests", "api\portal\tests\Application.IntegrationTests\Application.IntegrationTests.csproj", "{1A8B1B53-E815-4586-804B-EF6A4114B340}"
EndProject
Global
	GlobalSection(SolutionConfigurationPlatforms) = preSolution
		Debug|Any CPU = Debug|Any CPU
		Release|Any CPU = Release|Any CPU
	EndGlobalSection
	GlobalSection(ProjectConfigurationPlatforms) = postSolution
		{70C2F944-E755-41CC-B77E-53A361D8E1E3}.Debug|Any CPU.ActiveCfg = Debug|Any CPU
		{70C2F944-E755-41CC-B77E-53A361D8E1E3}.Debug|Any CPU.Build.0 = Debug|Any CPU
		{70C2F944-E755-41CC-B77E-53A361D8E1E3}.Release|Any CPU.ActiveCfg = Release|Any CPU
		{70C2F944-E755-41CC-B77E-53A361D8E1E3}.Release|Any CPU.Build.0 = Release|Any CPU
		{5B74081F-1E2C-478F-BA1B-1A77BC46CF70}.Debug|Any CPU.ActiveCfg = Debug|Any CPU
		{5B74081F-1E2C-478F-BA1B-1A77BC46CF70}.Debug|Any CPU.Build.0 = Debug|Any CPU
		{5B74081F-1E2C-478F-BA1B-1A77BC46CF70}.Release|Any CPU.ActiveCfg = Release|Any CPU
		{5B74081F-1E2C-478F-BA1B-1A77BC46CF70}.Release|Any CPU.Build.0 = Release|Any CPU
		{8ED1FF3E-5D4F-4732-A7B4-D23B19ED3872}.Debug|Any CPU.ActiveCfg = Debug|Any CPU
		{8ED1FF3E-5D4F-4732-A7B4-D23B19ED3872}.Debug|Any CPU.Build.0 = Debug|Any CPU
		{8ED1FF3E-5D4F-4732-A7B4-D23B19ED3872}.Release|Any CPU.ActiveCfg = Release|Any CPU
		{8ED1FF3E-5D4F-4732-A7B4-D23B19ED3872}.Release|Any CPU.Build.0 = Release|Any CPU
		{DBD09C21-8286-420F-B425-5173A03FC43A}.Debug|Any CPU.ActiveCfg = Debug|Any CPU
		{DBD09C21-8286-420F-B425-5173A03FC43A}.Debug|Any CPU.Build.0 = Debug|Any CPU
		{DBD09C21-8286-420F-B425-5173A03FC43A}.Release|Any CPU.ActiveCfg = Release|Any CPU
		{DBD09C21-8286-420F-B425-5173A03FC43A}.Release|Any CPU.Build.0 = Release|Any CPU
		{1F1A87E1-9AFD-4BEE-98C9-C702EE2B7CB2}.Debug|Any CPU.ActiveCfg = Debug|Any CPU
		{1F1A87E1-9AFD-4BEE-98C9-C702EE2B7CB2}.Debug|Any CPU.Build.0 = Debug|Any CPU
		{1F1A87E1-9AFD-4BEE-98C9-C702EE2B7CB2}.Release|Any CPU.ActiveCfg = Release|Any CPU
		{1F1A87E1-9AFD-4BEE-98C9-C702EE2B7CB2}.Release|Any CPU.Build.0 = Release|Any CPU
		{BF740524-7065-44CA-8CB3-CD78CCA85A0C}.Debug|Any CPU.ActiveCfg = Debug|Any CPU
		{BF740524-7065-44CA-8CB3-CD78CCA85A0C}.Debug|Any CPU.Build.0 = Debug|Any CPU
		{BF740524-7065-44CA-8CB3-CD78CCA85A0C}.Release|Any CPU.ActiveCfg = Release|Any CPU
		{BF740524-7065-44CA-8CB3-CD78CCA85A0C}.Release|Any CPU.Build.0 = Release|Any CPU
		{43F13DBF-4C16-4CCD-9E6A-F1DEB1CC12FB}.Debug|Any CPU.ActiveCfg = Debug|Any CPU
		{43F13DBF-4C16-4CCD-9E6A-F1DEB1CC12FB}.Debug|Any CPU.Build.0 = Debug|Any CPU
		{43F13DBF-4C16-4CCD-9E6A-F1DEB1CC12FB}.Release|Any CPU.ActiveCfg = Release|Any CPU
		{43F13DBF-4C16-4CCD-9E6A-F1DEB1CC12FB}.Release|Any CPU.Build.0 = Release|Any CPU
		{C2B76109-2A4A-4B25-A5F2-B27D7FCB3613}.Debug|Any CPU.ActiveCfg = Debug|Any CPU
		{C2B76109-2A4A-4B25-A5F2-B27D7FCB3613}.Debug|Any CPU.Build.0 = Debug|Any CPU
		{C2B76109-2A4A-4B25-A5F2-B27D7FCB3613}.Release|Any CPU.ActiveCfg = Release|Any CPU
		{C2B76109-2A4A-4B25-A5F2-B27D7FCB3613}.Release|Any CPU.Build.0 = Release|Any CPU
		{4CD8C523-0C66-428F-A686-CA3C4170C51A}.Debug|Any CPU.ActiveCfg = Debug|Any CPU
		{4CD8C523-0C66-428F-A686-CA3C4170C51A}.Debug|Any CPU.Build.0 = Debug|Any CPU
		{4CD8C523-0C66-428F-A686-CA3C4170C51A}.Release|Any CPU.ActiveCfg = Release|Any CPU
		{4CD8C523-0C66-428F-A686-CA3C4170C51A}.Release|Any CPU.Build.0 = Release|Any CPU
		{66131586-209B-4BE9-BBEB-E15C67C7126C}.Debug|Any CPU.ActiveCfg = Debug|Any CPU
		{66131586-209B-4BE9-BBEB-E15C67C7126C}.Debug|Any CPU.Build.0 = Debug|Any CPU
		{66131586-209B-4BE9-BBEB-E15C67C7126C}.Release|Any CPU.ActiveCfg = Release|Any CPU
		{66131586-209B-4BE9-BBEB-E15C67C7126C}.Release|Any CPU.Build.0 = Release|Any CPU
		{1A8B1B53-E815-4586-804B-EF6A4114B340}.Debug|Any CPU.ActiveCfg = Debug|Any CPU
		{1A8B1B53-E815-4586-804B-EF6A4114B340}.Debug|Any CPU.Build.0 = Debug|Any CPU
		{1A8B1B53-E815-4586-804B-EF6A4114B340}.Release|Any CPU.ActiveCfg = Release|Any CPU
		{1A8B1B53-E815-4586-804B-EF6A4114B340}.Release|Any CPU.Build.0 = Release|Any CPU
	EndGlobalSection
	GlobalSection(SolutionProperties) = preSolution
		HideSolutionNode = FALSE
	EndGlobalSection
	GlobalSection(NestedProjects) = preSolution
		{70C2F944-E755-41CC-B77E-53A361D8E1E3} = {2168E3AA-DE51-4EB2-BAB7-F04E869109BE}
		{5B74081F-1E2C-478F-BA1B-1A77BC46CF70} = {49B96B4B-7B6A-4CCE-8E54-D5B2B713C4A6}
		{8ED1FF3E-5D4F-4732-A7B4-D23B19ED3872} = {49B96B4B-7B6A-4CCE-8E54-D5B2B713C4A6}
		{DBD09C21-8286-420F-B425-5173A03FC43A} = {49B96B4B-7B6A-4CCE-8E54-D5B2B713C4A6}
		{49B96B4B-7B6A-4CCE-8E54-D5B2B713C4A6} = {2168E3AA-DE51-4EB2-BAB7-F04E869109BE}
		{1F1A87E1-9AFD-4BEE-98C9-C702EE2B7CB2} = {680CC273-5E7A-464B-B894-839CB2CD7DE3}
		{BF740524-7065-44CA-8CB3-CD78CCA85A0C} = {680CC273-5E7A-464B-B894-839CB2CD7DE3}
		{43F13DBF-4C16-4CCD-9E6A-F1DEB1CC12FB} = {EC0FAC16-3E43-4C82-B0EE-72FECFD9C661}
		{CBC9222E-783E-428E-A420-5B718FFC7EE8} = {2168E3AA-DE51-4EB2-BAB7-F04E869109BE}
		{C2B76109-2A4A-4B25-A5F2-B27D7FCB3613} = {CBC9222E-783E-428E-A420-5B718FFC7EE8}
		{4CD8C523-0C66-428F-A686-CA3C4170C51A} = {CBC9222E-783E-428E-A420-5B718FFC7EE8}
		{66131586-209B-4BE9-BBEB-E15C67C7126C} = {CBC9222E-783E-428E-A420-5B718FFC7EE8}
		{1A8B1B53-E815-4586-804B-EF6A4114B340} = {CBC9222E-783E-428E-A420-5B718FFC7EE8}
	EndGlobalSection
	GlobalSection(ExtensibilityGlobals) = postSolution
		SolutionGuid = {59657DD2-CC09-4B75-9EE1-C383E3A37114}
	EndGlobalSection
EndGlobal
