
Microsoft Visual Studio Solution File, Format Version 12.00
# Visual Studio Version 17
VisualStudioVersion = 17.5.33530.505
MinimumVisualStudioVersion = 10.0.40219.1
Project("{FAE04EC0-301F-11D3-BF4B-00C04F79EFBC}") = "Portal.Identity", "src\Portal.Identity\Portal.Identity.csproj", "{464F56F4-EAA9-471A-A4D8-B3F84E269F85}"
EndProject
Global
	GlobalSection(SolutionConfigurationPlatforms) = preSolution
		Debug|Any CPU = Debug|Any CPU
		Release|Any CPU = Release|Any CPU
	EndGlobalSection
	GlobalSection(ProjectConfigurationPlatforms) = postSolution
		{464F56F4-EAA9-471A-A4D8-B3F84E269F85}.Debug|Any CPU.ActiveCfg = Debug|Any CPU
		{464F56F4-EAA9-471A-A4D8-B3F84E269F85}.Debug|Any CPU.Build.0 = Debug|Any CPU
		{464F56F4-EAA9-471A-A4D8-B3F84E269F85}.Release|Any CPU.ActiveCfg = Release|Any CPU
		{464F56F4-EAA9-471A-A4D8-B3F84E269F85}.Release|Any CPU.Build.0 = Release|Any CPU
	EndGlobalSection
	GlobalSection(SolutionProperties) = preSolution
		HideSolutionNode = FALSE
	EndGlobalSection
	GlobalSection(ExtensibilityGlobals) = postSolution
		SolutionGuid = {50C8DB69-98BA-48CF-93CA-7371983A38A5}
	EndGlobalSection
EndGlobal
