
Microsoft Visual Studio Solution File, Format Version 12.00
# Visual Studio Version 17
VisualStudioVersion = 17.0.31903.59
MinimumVisualStudioVersion = 10.0.40219.1
Project("{9A19103F-16F7-4668-BE54-9A1E7A4F7556}") = "SaoViet.Portal.Api", "src\SaoViet.Portal.Api\SaoViet.Portal.Api.csproj", "{6422E55E-4912-4CAA-BD8D-24A7C7CC22E8}"
EndProject
Project("{9A19103F-16F7-4668-BE54-9A1E7A4F7556}") = "SaoViet.Portal.Application", "src\SaoViet.Portal.Application\SaoViet.Portal.Application.csproj", "{E49842AB-5043-4641-93DE-8B00BD2B5DB1}"
EndProject
Project("{9A19103F-16F7-4668-BE54-9A1E7A4F7556}") = "SaoViet.Portal.Domain", "src\SaoViet.Portal.Domain\SaoViet.Portal.Domain.csproj", "{5CEEC63E-B6A6-467B-87EA-E1CD73A553AD}"
EndProject
Project("{9A19103F-16F7-4668-BE54-9A1E7A4F7556}") = "SaoViet.Portal.Infrastructure", "src\SaoViet.Portal.Infrastructure\SaoViet.Portal.Infrastructure.csproj", "{726CD299-6523-4AE6-9C4A-6E258DD79392}"
EndProject
Project("{2150E333-8FDC-42A3-9474-1A3956D46DE8}") = "Solution Items", "Solution Items", "{524E9223-A41D-4780-AE3F-F7EE9F6E6FF8}"
	ProjectSection(SolutionItems) = preProject
		src\.editorconfig = src\.editorconfig
		src\packages.props = src\packages.props
	EndProjectSection
EndProject
Global
	GlobalSection(SolutionConfigurationPlatforms) = preSolution
		Debug|Any CPU = Debug|Any CPU
		Release|Any CPU = Release|Any CPU
	EndGlobalSection
	GlobalSection(ProjectConfigurationPlatforms) = postSolution
		{6422E55E-4912-4CAA-BD8D-24A7C7CC22E8}.Debug|Any CPU.ActiveCfg = Debug|Any CPU
		{6422E55E-4912-4CAA-BD8D-24A7C7CC22E8}.Debug|Any CPU.Build.0 = Debug|Any CPU
		{6422E55E-4912-4CAA-BD8D-24A7C7CC22E8}.Release|Any CPU.ActiveCfg = Release|Any CPU
		{6422E55E-4912-4CAA-BD8D-24A7C7CC22E8}.Release|Any CPU.Build.0 = Release|Any CPU
		{E49842AB-5043-4641-93DE-8B00BD2B5DB1}.Debug|Any CPU.ActiveCfg = Debug|Any CPU
		{E49842AB-5043-4641-93DE-8B00BD2B5DB1}.Debug|Any CPU.Build.0 = Debug|Any CPU
		{E49842AB-5043-4641-93DE-8B00BD2B5DB1}.Release|Any CPU.ActiveCfg = Release|Any CPU
		{E49842AB-5043-4641-93DE-8B00BD2B5DB1}.Release|Any CPU.Build.0 = Release|Any CPU
		{5CEEC63E-B6A6-467B-87EA-E1CD73A553AD}.Debug|Any CPU.ActiveCfg = Debug|Any CPU
		{5CEEC63E-B6A6-467B-87EA-E1CD73A553AD}.Debug|Any CPU.Build.0 = Debug|Any CPU
		{5CEEC63E-B6A6-467B-87EA-E1CD73A553AD}.Release|Any CPU.ActiveCfg = Release|Any CPU
		{5CEEC63E-B6A6-467B-87EA-E1CD73A553AD}.Release|Any CPU.Build.0 = Release|Any CPU
		{726CD299-6523-4AE6-9C4A-6E258DD79392}.Debug|Any CPU.ActiveCfg = Debug|Any CPU
		{726CD299-6523-4AE6-9C4A-6E258DD79392}.Debug|Any CPU.Build.0 = Debug|Any CPU
		{726CD299-6523-4AE6-9C4A-6E258DD79392}.Release|Any CPU.ActiveCfg = Release|Any CPU
		{726CD299-6523-4AE6-9C4A-6E258DD79392}.Release|Any CPU.Build.0 = Release|Any CPU
	EndGlobalSection
	GlobalSection(SolutionProperties) = preSolution
		HideSolutionNode = FALSE
	EndGlobalSection
	GlobalSection(ExtensibilityGlobals) = postSolution
		SolutionGuid = {E76097C5-5AFD-44D1-A0F2-957FB35531F8}
	EndGlobalSection
EndGlobal
