
Microsoft Visual Studio Solution File, Format Version 12.00
# Visual Studio Version 17
VisualStudioVersion = 17.5.33502.453
MinimumVisualStudioVersion = 10.0.40219.1
Project("{9A19103F-16F7-4668-BE54-9A1E7A4F7556}") = "Portal.Api", "Portal.Api\Portal.Api.csproj", "{70C2F944-E755-41CC-B77E-53A361D8E1E3}"
EndProject
Project("{9A19103F-16F7-4668-BE54-9A1E7A4F7556}") = "Portal.Domain", "Portal.Domain\Portal.Domain.csproj", "{5B74081F-1E2C-478F-BA1B-1A77BC46CF70}"
EndProject
Project("{9A19103F-16F7-4668-BE54-9A1E7A4F7556}") = "Portal.Infrastructure", "Portal.Infrastructure\Portal.Infrastructure.csproj", "{8ED1FF3E-5D4F-4732-A7B4-D23B19ED3872}"
EndProject
Project("{9A19103F-16F7-4668-BE54-9A1E7A4F7556}") = "Portal.Application", "Portal.Application\Portal.Application.csproj", "{DBD09C21-8286-420F-B425-5173A03FC43A}"
EndProject
Project("{9A19103F-16F7-4668-BE54-9A1E7A4F7556}") = "Portal.Test", "Portal.Test\Portal.Test.csproj", "{E7A3C62F-2DEA-4061-81EC-88571180E004}"
EndProject
Global
	GlobalSection(SolutionConfigurationPlatforms) = preSolution
		Debug|Any CPU = Debug|Any CPU
		Release|Any CPU = Release|Any CPU
	EndGlobalSection
	GlobalSection(ProjectConfigurationPlatforms) = postSolution
		{70C2F944-E755-41CC-B77E-53A361D8E1E3}.Debug|Any CPU.ActiveCfg = Debug|Any CPU
		{70C2F944-E755-41CC-B77E-53A361D8E1E3}.Debug|Any CPU.Build.0 = Debug|Any CPU
		{70C2F944-E755-41CC-B77E-53A361D8E1E3}.Release|Any CPU.ActiveCfg = Release|Any CPU
		{70C2F944-E755-41CC-B77E-53A361D8E1E3}.Release|Any CPU.Build.0 = Release|Any CPU
		{5B74081F-1E2C-478F-BA1B-1A77BC46CF70}.Debug|Any CPU.ActiveCfg = Debug|Any CPU
		{5B74081F-1E2C-478F-BA1B-1A77BC46CF70}.Debug|Any CPU.Build.0 = Debug|Any CPU
		{5B74081F-1E2C-478F-BA1B-1A77BC46CF70}.Release|Any CPU.ActiveCfg = Release|Any CPU
		{5B74081F-1E2C-478F-BA1B-1A77BC46CF70}.Release|Any CPU.Build.0 = Release|Any CPU
		{8ED1FF3E-5D4F-4732-A7B4-D23B19ED3872}.Debug|Any CPU.ActiveCfg = Debug|Any CPU
		{8ED1FF3E-5D4F-4732-A7B4-D23B19ED3872}.Debug|Any CPU.Build.0 = Debug|Any CPU
		{8ED1FF3E-5D4F-4732-A7B4-D23B19ED3872}.Release|Any CPU.ActiveCfg = Release|Any CPU
		{8ED1FF3E-5D4F-4732-A7B4-D23B19ED3872}.Release|Any CPU.Build.0 = Release|Any CPU
		{DBD09C21-8286-420F-B425-5173A03FC43A}.Debug|Any CPU.ActiveCfg = Debug|Any CPU
		{DBD09C21-8286-420F-B425-5173A03FC43A}.Debug|Any CPU.Build.0 = Debug|Any CPU
		{DBD09C21-8286-420F-B425-5173A03FC43A}.Release|Any CPU.ActiveCfg = Release|Any CPU
		{DBD09C21-8286-420F-B425-5173A03FC43A}.Release|Any CPU.Build.0 = Release|Any CPU
		{E7A3C62F-2DEA-4061-81EC-88571180E004}.Debug|Any CPU.ActiveCfg = Debug|Any CPU
		{E7A3C62F-2DEA-4061-81EC-88571180E004}.Debug|Any CPU.Build.0 = Debug|Any CPU
		{E7A3C62F-2DEA-4061-81EC-88571180E004}.Release|Any CPU.ActiveCfg = Release|Any CPU
		{E7A3C62F-2DEA-4061-81EC-88571180E004}.Release|Any CPU.Build.0 = Release|Any CPU
	EndGlobalSection
	GlobalSection(SolutionProperties) = preSolution
		HideSolutionNode = FALSE
	EndGlobalSection
	GlobalSection(ExtensibilityGlobals) = postSolution
		SolutionGuid = {59657DD2-CC09-4B75-9EE1-C383E3A37114}
	EndGlobalSection
EndGlobal
