
Microsoft Visual Studio Solution File, Format Version 12.00
# Visual Studio Version 17
VisualStudioVersion = 17.0.31903.59
MinimumVisualStudioVersion = 10.0.40219.1
Project("{9A19103F-16F7-4668-BE54-9A1E7A4F7556}") = "SaoViet.Portal.Api", "src\SaoViet.Portal.Api\SaoViet.Portal.Api.csproj", "{1D11998E-0704-4F91-AAA2-E8B4DD499E4B}"
EndProject
Project("{9A19103F-16F7-4668-BE54-9A1E7A4F7556}") = "SaoViet.Portal.Application", "src\SaoViet.Portal.Application\SaoViet.Portal.Application.csproj", "{7851DAA6-CD9E-49AC-B36E-C0DE35ABE39D}"
EndProject
Project("{9A19103F-16F7-4668-BE54-9A1E7A4F7556}") = "SaoViet.Portal.Domain", "src\SaoViet.Portal.Domain\SaoViet.Portal.Domain.csproj", "{8939FCA7-10BE-4B0A-B82D-CC15A5FB1880}"
EndProject
Project("{9A19103F-16F7-4668-BE54-9A1E7A4F7556}") = "SaoViet.Portal.Infrastructure", "src\SaoViet.Portal.Infrastructure\SaoViet.Portal.Infrastructure.csproj", "{AFC16865-88CC-4E48-BBCA-3B27C4E2DDBB}"
EndProject
Project("{FAE04EC0-301F-11D3-BF4B-00C04F79EFBC}") = "SaoViet.Portal.Identity", "src\SaoViet.Portal.Identity\SaoViet.Portal.Identity.csproj", "{6CA6CDF6-0A52-4AAC-A14E-0F10257CE6C4}"
EndProject
Global
	GlobalSection(SolutionConfigurationPlatforms) = preSolution
		Debug|Any CPU = Debug|Any CPU
		Release|Any CPU = Release|Any CPU
	EndGlobalSection
	GlobalSection(ProjectConfigurationPlatforms) = postSolution
		{1D11998E-0704-4F91-AAA2-E8B4DD499E4B}.Debug|Any CPU.ActiveCfg = Debug|Any CPU
		{1D11998E-0704-4F91-AAA2-E8B4DD499E4B}.Debug|Any CPU.Build.0 = Debug|Any CPU
		{1D11998E-0704-4F91-AAA2-E8B4DD499E4B}.Release|Any CPU.ActiveCfg = Release|Any CPU
		{1D11998E-0704-4F91-AAA2-E8B4DD499E4B}.Release|Any CPU.Build.0 = Release|Any CPU
		{7851DAA6-CD9E-49AC-B36E-C0DE35ABE39D}.Debug|Any CPU.ActiveCfg = Debug|Any CPU
		{7851DAA6-CD9E-49AC-B36E-C0DE35ABE39D}.Debug|Any CPU.Build.0 = Debug|Any CPU
		{7851DAA6-CD9E-49AC-B36E-C0DE35ABE39D}.Release|Any CPU.ActiveCfg = Release|Any CPU
		{7851DAA6-CD9E-49AC-B36E-C0DE35ABE39D}.Release|Any CPU.Build.0 = Release|Any CPU
		{8939FCA7-10BE-4B0A-B82D-CC15A5FB1880}.Debug|Any CPU.ActiveCfg = Debug|Any CPU
		{8939FCA7-10BE-4B0A-B82D-CC15A5FB1880}.Debug|Any CPU.Build.0 = Debug|Any CPU
		{8939FCA7-10BE-4B0A-B82D-CC15A5FB1880}.Release|Any CPU.ActiveCfg = Release|Any CPU
		{8939FCA7-10BE-4B0A-B82D-CC15A5FB1880}.Release|Any CPU.Build.0 = Release|Any CPU
		{AFC16865-88CC-4E48-BBCA-3B27C4E2DDBB}.Debug|Any CPU.ActiveCfg = Debug|Any CPU
		{AFC16865-88CC-4E48-BBCA-3B27C4E2DDBB}.Debug|Any CPU.Build.0 = Debug|Any CPU
		{AFC16865-88CC-4E48-BBCA-3B27C4E2DDBB}.Release|Any CPU.ActiveCfg = Release|Any CPU
		{AFC16865-88CC-4E48-BBCA-3B27C4E2DDBB}.Release|Any CPU.Build.0 = Release|Any CPU
		{6CA6CDF6-0A52-4AAC-A14E-0F10257CE6C4}.Debug|Any CPU.ActiveCfg = Debug|Any CPU
		{6CA6CDF6-0A52-4AAC-A14E-0F10257CE6C4}.Debug|Any CPU.Build.0 = Debug|Any CPU
		{6CA6CDF6-0A52-4AAC-A14E-0F10257CE6C4}.Release|Any CPU.ActiveCfg = Release|Any CPU
		{6CA6CDF6-0A52-4AAC-A14E-0F10257CE6C4}.Release|Any CPU.Build.0 = Release|Any CPU
	EndGlobalSection
	GlobalSection(SolutionProperties) = preSolution
		HideSolutionNode = FALSE
	EndGlobalSection
	GlobalSection(ExtensibilityGlobals) = postSolution
		SolutionGuid = {C37C4069-E3A1-4A26-AF02-E00C8E391FE9}
	EndGlobalSection
EndGlobal
